
Microsoft Visual Studio Solution File, Format Version 12.00
# Visual Studio Version 17
VisualStudioVersion = 17.5.002.0
MinimumVisualStudioVersion = 10.0.40219.1
Project("{9A19103F-16F7-4668-BE54-9A1E7A4F7556}") = "testGRPC", "testGRPC.csproj", "{2C150CC6-C3BE-4DB7-BE6D-6765432DE988}"
EndProject
Global
	GlobalSection(SolutionConfigurationPlatforms) = preSolution
		Debug|Any CPU = Debug|Any CPU
		Release|Any CPU = Release|Any CPU
	EndGlobalSection
	GlobalSection(ProjectConfigurationPlatforms) = postSolution
		{2C150CC6-C3BE-4DB7-BE6D-6765432DE988}.Debug|Any CPU.ActiveCfg = Debug|Any CPU
		{2C150CC6-C3BE-4DB7-BE6D-6765432DE988}.Debug|Any CPU.Build.0 = Debug|Any CPU
		{2C150CC6-C3BE-4DB7-BE6D-6765432DE988}.Release|Any CPU.ActiveCfg = Release|Any CPU
		{2C150CC6-C3BE-4DB7-BE6D-6765432DE988}.Release|Any CPU.Build.0 = Release|Any CPU
	EndGlobalSection
	GlobalSection(SolutionProperties) = preSolution
		HideSolutionNode = FALSE
	EndGlobalSection
	GlobalSection(ExtensibilityGlobals) = postSolution
		SolutionGuid = {E11FE804-72E3-4725-9531-201C7FA4B36D}
	EndGlobalSection
EndGlobal
